// !$*UTF8*$!
{
	archiveVersion = 1;
	classes = {
	};
	objectVersion = 46;
	objects = {

/* Begin PBXBuildFile section */
		0878A3A81EDA026B0092AFC6 /* AppDelegate.swift in Sources */ = {isa = PBXBuildFile; fileRef = 0878A3A71EDA026B0092AFC6 /* AppDelegate.swift */; };
		0878A3AA1EDA026B0092AFC6 /* ViewController.swift in Sources */ = {isa = PBXBuildFile; fileRef = 0878A3A91EDA026B0092AFC6 /* ViewController.swift */; };
		0878A3AD1EDA026B0092AFC6 /* Main.storyboard in Resources */ = {isa = PBXBuildFile; fileRef = 0878A3AB1EDA026B0092AFC6 /* Main.storyboard */; };
		0878A3AF1EDA026B0092AFC6 /* Assets.xcassets in Resources */ = {isa = PBXBuildFile; fileRef = 0878A3AE1EDA026B0092AFC6 /* Assets.xcassets */; };
		0878A3B21EDA026B0092AFC6 /* LaunchScreen.storyboard in Resources */ = {isa = PBXBuildFile; fileRef = 0878A3B01EDA026B0092AFC6 /* LaunchScreen.storyboard */; };
		0878A3BD1EDA026B0092AFC6 /* koNpassiTests.swift in Sources */ = {isa = PBXBuildFile; fileRef = 0878A3BC1EDA026B0092AFC6 /* koNpassiTests.swift */; };
		0878A3C81EDA026B0092AFC6 /* koNpassiUITests.swift in Sources */ = {isa = PBXBuildFile; fileRef = 0878A3C71EDA026B0092AFC6 /* koNpassiUITests.swift */; };
		08B3E84A1EEB18C50035E365 /* KoNpassiView.swift in Sources */ = {isa = PBXBuildFile; fileRef = 08B3E8491EEB18C50035E365 /* KoNpassiView.swift */; };
/* End PBXBuildFile section */

/* Begin PBXContainerItemProxy section */
		0878A3B91EDA026B0092AFC6 /* PBXContainerItemProxy */ = {
			isa = PBXContainerItemProxy;
			containerPortal = 0878A39C1EDA026B0092AFC6 /* Project object */;
			proxyType = 1;
			remoteGlobalIDString = 0878A3A31EDA026B0092AFC6;
			remoteInfo = koNpassi;
		};
		0878A3C41EDA026B0092AFC6 /* PBXContainerItemProxy */ = {
			isa = PBXContainerItemProxy;
			containerPortal = 0878A39C1EDA026B0092AFC6 /* Project object */;
			proxyType = 1;
			remoteGlobalIDString = 0878A3A31EDA026B0092AFC6;
			remoteInfo = koNpassi;
		};
/* End PBXContainerItemProxy section */

/* Begin PBXFileReference section */
		0878A3A41EDA026B0092AFC6 /* koNpassi.app */ = {isa = PBXFileReference; explicitFileType = wrapper.application; includeInIndex = 0; path = koNpassi.app; sourceTree = BUILT_PRODUCTS_DIR; };
		0878A3A71EDA026B0092AFC6 /* AppDelegate.swift */ = {isa = PBXFileReference; lastKnownFileType = sourcecode.swift; path = AppDelegate.swift; sourceTree = "<group>"; };
		0878A3A91EDA026B0092AFC6 /* ViewController.swift */ = {isa = PBXFileReference; lastKnownFileType = sourcecode.swift; path = ViewController.swift; sourceTree = "<group>"; };
		0878A3AC1EDA026B0092AFC6 /* Base */ = {isa = PBXFileReference; lastKnownFileType = file.storyboard; name = Base; path = Base.lproj/Main.storyboard; sourceTree = "<group>"; };
		0878A3AE1EDA026B0092AFC6 /* Assets.xcassets */ = {isa = PBXFileReference; lastKnownFileType = folder.assetcatalog; path = Assets.xcassets; sourceTree = "<group>"; };
		0878A3B11EDA026B0092AFC6 /* Base */ = {isa = PBXFileReference; lastKnownFileType = file.storyboard; name = Base; path = Base.lproj/LaunchScreen.storyboard; sourceTree = "<group>"; };
		0878A3B31EDA026B0092AFC6 /* Info.plist */ = {isa = PBXFileReference; lastKnownFileType = text.plist.xml; path = Info.plist; sourceTree = "<group>"; };
		0878A3B81EDA026B0092AFC6 /* koNpassiTests.xctest */ = {isa = PBXFileReference; explicitFileType = wrapper.cfbundle; includeInIndex = 0; path = koNpassiTests.xctest; sourceTree = BUILT_PRODUCTS_DIR; };
		0878A3BC1EDA026B0092AFC6 /* koNpassiTests.swift */ = {isa = PBXFileReference; lastKnownFileType = sourcecode.swift; path = koNpassiTests.swift; sourceTree = "<group>"; };
		0878A3BE1EDA026B0092AFC6 /* Info.plist */ = {isa = PBXFileReference; lastKnownFileType = text.plist.xml; path = Info.plist; sourceTree = "<group>"; };
		0878A3C31EDA026B0092AFC6 /* koNpassiUITests.xctest */ = {isa = PBXFileReference; explicitFileType = wrapper.cfbundle; includeInIndex = 0; path = koNpassiUITests.xctest; sourceTree = BUILT_PRODUCTS_DIR; };
		0878A3C71EDA026B0092AFC6 /* koNpassiUITests.swift */ = {isa = PBXFileReference; lastKnownFileType = sourcecode.swift; path = koNpassiUITests.swift; sourceTree = "<group>"; };
		0878A3C91EDA026B0092AFC6 /* Info.plist */ = {isa = PBXFileReference; lastKnownFileType = text.plist.xml; path = Info.plist; sourceTree = "<group>"; };
		08B3E8491EEB18C50035E365 /* KoNpassiView.swift */ = {isa = PBXFileReference; fileEncoding = 4; lastKnownFileType = sourcecode.swift; path = KoNpassiView.swift; sourceTree = "<group>"; };
/* End PBXFileReference section */

/* Begin PBXFrameworksBuildPhase section */
		0878A3A11EDA026B0092AFC6 /* Frameworks */ = {
			isa = PBXFrameworksBuildPhase;
			buildActionMask = 2147483647;
			files = (
			);
			runOnlyForDeploymentPostprocessing = 0;
		};
		0878A3B51EDA026B0092AFC6 /* Frameworks */ = {
			isa = PBXFrameworksBuildPhase;
			buildActionMask = 2147483647;
			files = (
			);
			runOnlyForDeploymentPostprocessing = 0;
		};
		0878A3C01EDA026B0092AFC6 /* Frameworks */ = {
			isa = PBXFrameworksBuildPhase;
			buildActionMask = 2147483647;
			files = (
			);
			runOnlyForDeploymentPostprocessing = 0;
		};
/* End PBXFrameworksBuildPhase section */

/* Begin PBXGroup section */
		0878A39B1EDA026B0092AFC6 = {
			isa = PBXGroup;
			children = (
				0878A3A61EDA026B0092AFC6 /* koNpassi */,
				0878A3BB1EDA026B0092AFC6 /* koNpassiTests */,
				0878A3C61EDA026B0092AFC6 /* koNpassiUITests */,
				0878A3A51EDA026B0092AFC6 /* Products */,
			);
			sourceTree = "<group>";
		};
		0878A3A51EDA026B0092AFC6 /* Products */ = {
			isa = PBXGroup;
			children = (
				0878A3A41EDA026B0092AFC6 /* koNpassi.app */,
				0878A3B81EDA026B0092AFC6 /* koNpassiTests.xctest */,
				0878A3C31EDA026B0092AFC6 /* koNpassiUITests.xctest */,
			);
			name = Products;
			sourceTree = "<group>";
		};
		0878A3A61EDA026B0092AFC6 /* koNpassi */ = {
			isa = PBXGroup;
			children = (
				08B3E8491EEB18C50035E365 /* KoNpassiView.swift */,
				0878A3A71EDA026B0092AFC6 /* AppDelegate.swift */,
				0878A3A91EDA026B0092AFC6 /* ViewController.swift */,
				0878A3AB1EDA026B0092AFC6 /* Main.storyboard */,
				0878A3AE1EDA026B0092AFC6 /* Assets.xcassets */,
				0878A3B01EDA026B0092AFC6 /* LaunchScreen.storyboard */,
				0878A3B31EDA026B0092AFC6 /* Info.plist */,
			);
			path = koNpassi;
			sourceTree = "<group>";
		};
		0878A3BB1EDA026B0092AFC6 /* koNpassiTests */ = {
			isa = PBXGroup;
			children = (
				0878A3BC1EDA026B0092AFC6 /* koNpassiTests.swift */,
				0878A3BE1EDA026B0092AFC6 /* Info.plist */,
			);
			path = koNpassiTests;
			sourceTree = "<group>";
		};
		0878A3C61EDA026B0092AFC6 /* koNpassiUITests */ = {
			isa = PBXGroup;
			children = (
				0878A3C71EDA026B0092AFC6 /* koNpassiUITests.swift */,
				0878A3C91EDA026B0092AFC6 /* Info.plist */,
			);
			path = koNpassiUITests;
			sourceTree = "<group>";
		};
/* End PBXGroup section */

/* Begin PBXNativeTarget section */
		0878A3A31EDA026B0092AFC6 /* koNpassi */ = {
			isa = PBXNativeTarget;
			buildConfigurationList = 0878A3CC1EDA026B0092AFC6 /* Build configuration list for PBXNativeTarget "koNpassi" */;
			buildPhases = (
				0878A3A01EDA026B0092AFC6 /* Sources */,
				0878A3A11EDA026B0092AFC6 /* Frameworks */,
				0878A3A21EDA026B0092AFC6 /* Resources */,
			);
			buildRules = (
			);
			dependencies = (
			);
			name = koNpassi;
			productName = koNpassi;
			productReference = 0878A3A41EDA026B0092AFC6 /* koNpassi.app */;
			productType = "com.apple.product-type.application";
		};
		0878A3B71EDA026B0092AFC6 /* koNpassiTests */ = {
			isa = PBXNativeTarget;
			buildConfigurationList = 0878A3CF1EDA026B0092AFC6 /* Build configuration list for PBXNativeTarget "koNpassiTests" */;
			buildPhases = (
				0878A3B41EDA026B0092AFC6 /* Sources */,
				0878A3B51EDA026B0092AFC6 /* Frameworks */,
				0878A3B61EDA026B0092AFC6 /* Resources */,
			);
			buildRules = (
			);
			dependencies = (
				0878A3BA1EDA026B0092AFC6 /* PBXTargetDependency */,
			);
			name = koNpassiTests;
			productName = koNpassiTests;
			productReference = 0878A3B81EDA026B0092AFC6 /* koNpassiTests.xctest */;
			productType = "com.apple.product-type.bundle.unit-test";
		};
		0878A3C21EDA026B0092AFC6 /* koNpassiUITests */ = {
			isa = PBXNativeTarget;
			buildConfigurationList = 0878A3D21EDA026B0092AFC6 /* Build configuration list for PBXNativeTarget "koNpassiUITests" */;
			buildPhases = (
				0878A3BF1EDA026B0092AFC6 /* Sources */,
				0878A3C01EDA026B0092AFC6 /* Frameworks */,
				0878A3C11EDA026B0092AFC6 /* Resources */,
			);
			buildRules = (
			);
			dependencies = (
				0878A3C51EDA026B0092AFC6 /* PBXTargetDependency */,
			);
			name = koNpassiUITests;
			productName = koNpassiUITests;
			productReference = 0878A3C31EDA026B0092AFC6 /* koNpassiUITests.xctest */;
			productType = "com.apple.product-type.bundle.ui-testing";
		};
/* End PBXNativeTarget section */

/* Begin PBXProject section */
		0878A39C1EDA026B0092AFC6 /* Project object */ = {
			isa = PBXProject;
			attributes = {
				LastSwiftUpdateCheck = 0830;
				LastUpgradeCheck = 0830;
				TargetAttributes = {
					0878A3A31EDA026B0092AFC6 = {
						CreatedOnToolsVersion = 8.3.2;
						DevelopmentTeam = 832B539RXF;
						ProvisioningStyle = Automatic;
					};
					0878A3B71EDA026B0092AFC6 = {
						CreatedOnToolsVersion = 8.3.2;
						ProvisioningStyle = Automatic;
						TestTargetID = 0878A3A31EDA026B0092AFC6;
					};
					0878A3C21EDA026B0092AFC6 = {
						CreatedOnToolsVersion = 8.3.2;
						ProvisioningStyle = Automatic;
						TestTargetID = 0878A3A31EDA026B0092AFC6;
					};
				};
			};
			buildConfigurationList = 0878A39F1EDA026B0092AFC6 /* Build configuration list for PBXProject "koNpassi" */;
			compatibilityVersion = "Xcode 3.2";
			developmentRegion = English;
			hasScannedForEncodings = 0;
			knownRegions = (
				en,
				Base,
			);
			mainGroup = 0878A39B1EDA026B0092AFC6;
			productRefGroup = 0878A3A51EDA026B0092AFC6 /* Products */;
			projectDirPath = "";
			projectRoot = "";
			targets = (
				0878A3A31EDA026B0092AFC6 /* koNpassi */,
				0878A3B71EDA026B0092AFC6 /* koNpassiTests */,
				0878A3C21EDA026B0092AFC6 /* koNpassiUITests */,
			);
		};
/* End PBXProject section */

/* Begin PBXResourcesBuildPhase section */
		0878A3A21EDA026B0092AFC6 /* Resources */ = {
			isa = PBXResourcesBuildPhase;
			buildActionMask = 2147483647;
			files = (
				0878A3B21EDA026B0092AFC6 /* LaunchScreen.storyboard in Resources */,
				0878A3AF1EDA026B0092AFC6 /* Assets.xcassets in Resources */,
				0878A3AD1EDA026B0092AFC6 /* Main.storyboard in Resources */,
			);
			runOnlyForDeploymentPostprocessing = 0;
		};
		0878A3B61EDA026B0092AFC6 /* Resources */ = {
			isa = PBXResourcesBuildPhase;
			buildActionMask = 2147483647;
			files = (
			);
			runOnlyForDeploymentPostprocessing = 0;
		};
		0878A3C11EDA026B0092AFC6 /* Resources */ = {
			isa = PBXResourcesBuildPhase;
			buildActionMask = 2147483647;
			files = (
			);
			runOnlyForDeploymentPostprocessing = 0;
		};
/* End PBXResourcesBuildPhase section */

/* Begin PBXSourcesBuildPhase section */
		0878A3A01EDA026B0092AFC6 /* Sources */ = {
			isa = PBXSourcesBuildPhase;
			buildActionMask = 2147483647;
			files = (
				08B3E84A1EEB18C50035E365 /* KoNpassiView.swift in Sources */,
				0878A3AA1EDA026B0092AFC6 /* ViewController.swift in Sources */,
				0878A3A81EDA026B0092AFC6 /* AppDelegate.swift in Sources */,
			);
			runOnlyForDeploymentPostprocessing = 0;
		};
		0878A3B41EDA026B0092AFC6 /* Sources */ = {
			isa = PBXSourcesBuildPhase;
			buildActionMask = 2147483647;
			files = (
				0878A3BD1EDA026B0092AFC6 /* koNpassiTests.swift in Sources */,
			);
			runOnlyForDeploymentPostprocessing = 0;
		};
		0878A3BF1EDA026B0092AFC6 /* Sources */ = {
			isa = PBXSourcesBuildPhase;
			buildActionMask = 2147483647;
			files = (
				0878A3C81EDA026B0092AFC6 /* koNpassiUITests.swift in Sources */,
			);
			runOnlyForDeploymentPostprocessing = 0;
		};
/* End PBXSourcesBuildPhase section */

/* Begin PBXTargetDependency section */
		0878A3BA1EDA026B0092AFC6 /* PBXTargetDependency */ = {
			isa = PBXTargetDependency;
			target = 0878A3A31EDA026B0092AFC6 /* koNpassi */;
			targetProxy = 0878A3B91EDA026B0092AFC6 /* PBXContainerItemProxy */;
		};
		0878A3C51EDA026B0092AFC6 /* PBXTargetDependency */ = {
			isa = PBXTargetDependency;
			target = 0878A3A31EDA026B0092AFC6 /* koNpassi */;
			targetProxy = 0878A3C41EDA026B0092AFC6 /* PBXContainerItemProxy */;
		};
/* End PBXTargetDependency section */

/* Begin PBXVariantGroup section */
		0878A3AB1EDA026B0092AFC6 /* Main.storyboard */ = {
			isa = PBXVariantGroup;
			children = (
				0878A3AC1EDA026B0092AFC6 /* Base */,
			);
			name = Main.storyboard;
			sourceTree = "<group>";
		};
		0878A3B01EDA026B0092AFC6 /* LaunchScreen.storyboard */ = {
			isa = PBXVariantGroup;
			children = (
				0878A3B11EDA026B0092AFC6 /* Base */,
			);
			name = LaunchScreen.storyboard;
			sourceTree = "<group>";
		};
/* End PBXVariantGroup section */

/* Begin XCBuildConfiguration section */
		0878A3CA1EDA026B0092AFC6 /* Debug */ = {
			isa = XCBuildConfiguration;
			buildSettings = {
				ALWAYS_SEARCH_USER_PATHS = NO;
				CLANG_ANALYZER_NONNULL = YES;
				CLANG_ANALYZER_NUMBER_OBJECT_CONVERSION = YES_AGGRESSIVE;
				CLANG_CXX_LANGUAGE_STANDARD = "gnu++0x";
				CLANG_CXX_LIBRARY = "libc++";
				CLANG_ENABLE_MODULES = YES;
				CLANG_ENABLE_OBJC_ARC = YES;
				CLANG_WARN_BOOL_CONVERSION = YES;
				CLANG_WARN_CONSTANT_CONVERSION = YES;
				CLANG_WARN_DIRECT_OBJC_ISA_USAGE = YES_ERROR;
				CLANG_WARN_DOCUMENTATION_COMMENTS = YES;
				CLANG_WARN_EMPTY_BODY = YES;
				CLANG_WARN_ENUM_CONVERSION = YES;
				CLANG_WARN_INFINITE_RECURSION = YES;
				CLANG_WARN_INT_CONVERSION = YES;
				CLANG_WARN_OBJC_ROOT_CLASS = YES_ERROR;
				CLANG_WARN_SUSPICIOUS_MOVE = YES;
				CLANG_WARN_UNREACHABLE_CODE = YES;
				CLANG_WARN__DUPLICATE_METHOD_MATCH = YES;
				"CODE_SIGN_IDENTITY[sdk=iphoneos*]" = "iPhone Developer";
				COPY_PHASE_STRIP = NO;
				DEBUG_INFORMATION_FORMAT = dwarf;
				ENABLE_STRICT_OBJC_MSGSEND = YES;
				ENABLE_TESTABILITY = YES;
				GCC_C_LANGUAGE_STANDARD = gnu99;
				GCC_DYNAMIC_NO_PIC = NO;
				GCC_NO_COMMON_BLOCKS = YES;
				GCC_OPTIMIZATION_LEVEL = 0;
				GCC_PREPROCESSOR_DEFINITIONS = (
					"DEBUG=1",
					"$(inherited)",
				);
				GCC_WARN_64_TO_32_BIT_CONVERSION = YES;
				GCC_WARN_ABOUT_RETURN_TYPE = YES_ERROR;
				GCC_WARN_UNDECLARED_SELECTOR = YES;
				GCC_WARN_UNINITIALIZED_AUTOS = YES_AGGRESSIVE;
				GCC_WARN_UNUSED_FUNCTION = YES;
				GCC_WARN_UNUSED_VARIABLE = YES;
				IPHONEOS_DEPLOYMENT_TARGET = 10.3;
				MTL_ENABLE_DEBUG_INFO = YES;
				ONLY_ACTIVE_ARCH = YES;
				SDKROOT = iphoneos;
				SWIFT_ACTIVE_COMPILATION_CONDITIONS = DEBUG;
				SWIFT_OPTIMIZATION_LEVEL = "-Onone";
				TARGETED_DEVICE_FAMILY = "1,2";
			};
			name = Debug;
		};
		0878A3CB1EDA026B0092AFC6 /* Release */ = {
			isa = XCBuildConfiguration;
			buildSettings = {
				ALWAYS_SEARCH_USER_PATHS = NO;
				CLANG_ANALYZER_NONNULL = YES;
				CLANG_ANALYZER_NUMBER_OBJECT_CONVERSION = YES_AGGRESSIVE;
				CLANG_CXX_LANGUAGE_STANDARD = "gnu++0x";
				CLANG_CXX_LIBRARY = "libc++";
				CLANG_ENABLE_MODULES = YES;
				CLANG_ENABLE_OBJC_ARC = YES;
				CLANG_WARN_BOOL_CONVERSION = YES;
				CLANG_WARN_CONSTANT_CONVERSION = YES;
				CLANG_WARN_DIRECT_OBJC_ISA_USAGE = YES_ERROR;
				CLANG_WARN_DOCUMENTATION_COMMENTS = YES;
				CLANG_WARN_EMPTY_BODY = YES;
				CLANG_WARN_ENUM_CONVERSION = YES;
				CLANG_WARN_INFINITE_RECURSION = YES;
				CLANG_WARN_INT_CONVERSION = YES;
				CLANG_WARN_OBJC_ROOT_CLASS = YES_ERROR;
				CLANG_WARN_SUSPICIOUS_MOVE = YES;
				CLANG_WARN_UNREACHABLE_CODE = YES;
				CLANG_WARN__DUPLICATE_METHOD_MATCH = YES;
				"CODE_SIGN_IDENTITY[sdk=iphoneos*]" = "iPhone Developer";
				COPY_PHASE_STRIP = NO;
				DEBUG_INFORMATION_FORMAT = "dwarf-with-dsym";
				ENABLE_NS_ASSERTIONS = NO;
				ENABLE_STRICT_OBJC_MSGSEND = YES;
				GCC_C_LANGUAGE_STANDARD = gnu99;
				GCC_NO_COMMON_BLOCKS = YES;
				GCC_WARN_64_TO_32_BIT_CONVERSION = YES;
				GCC_WARN_ABOUT_RETURN_TYPE = YES_ERROR;
				GCC_WARN_UNDECLARED_SELECTOR = YES;
				GCC_WARN_UNINITIALIZED_AUTOS = YES_AGGRESSIVE;
				GCC_WARN_UNUSED_FUNCTION = YES;
				GCC_WARN_UNUSED_VARIABLE = YES;
				IPHONEOS_DEPLOYMENT_TARGET = 10.3;
				MTL_ENABLE_DEBUG_INFO = NO;
				SDKROOT = iphoneos;
				SWIFT_OPTIMIZATION_LEVEL = "-Owholemodule";
				TARGETED_DEVICE_FAMILY = "1,2";
				VALIDATE_PRODUCT = YES;
			};
			name = Release;
		};
		0878A3CD1EDA026B0092AFC6 /* Debug */ = {
			isa = XCBuildConfiguration;
			buildSettings = {
				ASSETCATALOG_COMPILER_APPICON_NAME = AppIcon;
				DEVELOPMENT_TEAM = 832B539RXF;
				INFOPLIST_FILE = koNpassi/Info.plist;
				LD_RUNPATH_SEARCH_PATHS = "$(inherited) @executable_path/Frameworks";
				PRODUCT_BUNDLE_IDENTIFIER = fi.itkonen.jonne.koNpassi;
				PRODUCT_NAME = "$(TARGET_NAME)";
				SWIFT_VERSION = 3.0;
			};
			name = Debug;
		};
		0878A3CE1EDA026B0092AFC6 /* Release */ = {
			isa = XCBuildConfiguration;
			buildSettings = {
				ASSETCATALOG_COMPILER_APPICON_NAME = AppIcon;
				DEVELOPMENT_TEAM = 832B539RXF;
				INFOPLIST_FILE = koNpassi/Info.plist;
				LD_RUNPATH_SEARCH_PATHS = "$(inherited) @executable_path/Frameworks";
				PRODUCT_BUNDLE_IDENTIFIER = fi.itkonen.jonne.koNpassi;
				PRODUCT_NAME = "$(TARGET_NAME)";
				SWIFT_VERSION = 3.0;
			};
			name = Release;
		};
		0878A3D01EDA026B0092AFC6 /* Debug */ = {
			isa = XCBuildConfiguration;
			buildSettings = {
				ALWAYS_EMBED_SWIFT_STANDARD_LIBRARIES = YES;
				BUNDLE_LOADER = "$(TEST_HOST)";
				INFOPLIST_FILE = koNpassiTests/Info.plist;
				LD_RUNPATH_SEARCH_PATHS = "$(inherited) @executable_path/Frameworks @loader_path/Frameworks";
				PRODUCT_BUNDLE_IDENTIFIER = fi.itkonen.jonne.koNpassiTests;
				PRODUCT_NAME = "$(TARGET_NAME)";
				SWIFT_VERSION = 3.0;
				TEST_HOST = "$(BUILT_PRODUCTS_DIR)/koNpassi.app/koNpassi";
			};
			name = Debug;
		};
		0878A3D11EDA026B0092AFC6 /* Release */ = {
			isa = XCBuildConfiguration;
			buildSettings = {
				ALWAYS_EMBED_SWIFT_STANDARD_LIBRARIES = YES;
				BUNDLE_LOADER = "$(TEST_HOST)";
				INFOPLIST_FILE = koNpassiTests/Info.plist;
				LD_RUNPATH_SEARCH_PATHS = "$(inherited) @executable_path/Frameworks @loader_path/Frameworks";
				PRODUCT_BUNDLE_IDENTIFIER = fi.itkonen.jonne.koNpassiTests;
				PRODUCT_NAME = "$(TARGET_NAME)";
				SWIFT_VERSION = 3.0;
				TEST_HOST = "$(BUILT_PRODUCTS_DIR)/koNpassi.app/koNpassi";
			};
			name = Release;
		};
		0878A3D31EDA026B0092AFC6 /* Debug */ = {
			isa = XCBuildConfiguration;
			buildSettings = {
				ALWAYS_EMBED_SWIFT_STANDARD_LIBRARIES = YES;
				INFOPLIST_FILE = koNpassiUITests/Info.plist;
				LD_RUNPATH_SEARCH_PATHS = "$(inherited) @executable_path/Frameworks @loader_path/Frameworks";
				PRODUCT_BUNDLE_IDENTIFIER = fi.itkonen.jonne.koNpassiUITests;
				PRODUCT_NAME = "$(TARGET_NAME)";
				SWIFT_VERSION = 3.0;
				TEST_TARGET_NAME = koNpassi;
			};
			name = Debug;
		};
		0878A3D41EDA026B0092AFC6 /* Release */ = {
			isa = XCBuildConfiguration;
			buildSettings = {
				ALWAYS_EMBED_SWIFT_STANDARD_LIBRARIES = YES;
				INFOPLIST_FILE = koNpassiUITests/Info.plist;
				LD_RUNPATH_SEARCH_PATHS = "$(inherited) @executable_path/Frameworks @loader_path/Frameworks";
				PRODUCT_BUNDLE_IDENTIFIER = fi.itkonen.jonne.koNpassiUITests;
				PRODUCT_NAME = "$(TARGET_NAME)";
				SWIFT_VERSION = 3.0;
				TEST_TARGET_NAME = koNpassi;
			};
			name = Release;
		};
/* End XCBuildConfiguration section */

/* Begin XCConfigurationList section */
		0878A39F1EDA026B0092AFC6 /* Build configuration list for PBXProject "koNpassi" */ = {
			isa = XCConfigurationList;
			buildConfigurations = (
				0878A3CA1EDA026B0092AFC6 /* Debug */,
				0878A3CB1EDA026B0092AFC6 /* Release */,
			);
			defaultConfigurationIsVisible = 0;
			defaultConfigurationName = Release;
		};
		0878A3CC1EDA026B0092AFC6 /* Build configuration list for PBXNativeTarget "koNpassi" */ = {
			isa = XCConfigurationList;
			buildConfigurations = (
				0878A3CD1EDA026B0092AFC6 /* Debug */,
				0878A3CE1EDA026B0092AFC6 /* Release */,
			);
			defaultConfigurationIsVisible = 0;
			defaultConfigurationName = Release;
		};
		0878A3CF1EDA026B0092AFC6 /* Build configuration list for PBXNativeTarget "koNpassiTests" */ = {
			isa = XCConfigurationList;
			buildConfigurations = (
				0878A3D01EDA026B0092AFC6 /* Debug */,
				0878A3D11EDA026B0092AFC6 /* Release */,
			);
			defaultConfigurationIsVisible = 0;
			defaultConfigurationName = Release;
		};
		0878A3D21EDA026B0092AFC6 /* Build configuration list for PBXNativeTarget "koNpassiUITests" */ = {
			isa = XCConfigurationList;
			buildConfigurations = (
				0878A3D31EDA026B0092AFC6 /* Debug */,
				0878A3D41EDA026B0092AFC6 /* Release */,
			);
			defaultConfigurationIsVisible = 0;
			defaultConfigurationName = Release;
		};
/* End XCConfigurationList section */
	};
	rootObject = 0878A39C1EDA026B0092AFC6 /* Project object */;
}
